// !$*UTF8*$!
{
	archiveVersion = 1;
	classes = {
	};
	objectVersion = 56;
	objects = {

/* Begin PBXBuildFile section */
		9A2E866B2C97299F007BBA78 /* AudioPlayer.swift in Sources */ = {isa = PBXBuildFile; fileRef = 9A2E86672C97299E007BBA78 /* AudioPlayer.swift */; };
		9A2E866C2C97299F007BBA78 /* AudioPlayerClient.swift in Sources */ = {isa = PBXBuildFile; fileRef = 9A2E86682C97299E007BBA78 /* AudioPlayerClient.swift */; };
		9A2E866D2C97299F007BBA78 /* AudioSession.swift in Sources */ = {isa = PBXBuildFile; fileRef = 9A2E86692C97299E007BBA78 /* AudioSession.swift */; };
		9A491A9B2C97128000E99BD8 /* BookPlayerFeature.swift in Sources */ = {isa = PBXBuildFile; fileRef = 9A491A9A2C97128000E99BD8 /* BookPlayerFeature.swift */; };
		9A491AA52C9717A300E99BD8 /* BookModel.swift in Sources */ = {isa = PBXBuildFile; fileRef = 9A491AA42C9717A300E99BD8 /* BookModel.swift */; };
		9A491AA72C971BAC00E99BD8 /* BookPlayerView.swift in Sources */ = {isa = PBXBuildFile; fileRef = 9A491AA62C971BAC00E99BD8 /* BookPlayerView.swift */; };
		9A491AAA2C9722BB00E99BD8 /* audio1.mp3 in Resources */ = {isa = PBXBuildFile; fileRef = 9A491AA82C9722BB00E99BD8 /* audio1.mp3 */; };
		9A491AAB2C9722BB00E99BD8 /* audio0.mp3 in Resources */ = {isa = PBXBuildFile; fileRef = 9A491AA92C9722BB00E99BD8 /* audio0.mp3 */; };
		9A491AAE2C9725D200E99BD8 /* Emptyable.swift in Sources */ = {isa = PBXBuildFile; fileRef = 9A491AAD2C9725D200E99BD8 /* Emptyable.swift */; };
		9A57545D2C972AD20029F4BA /* AppView.swift in Sources */ = {isa = PBXBuildFile; fileRef = 9A57545B2C972AD20029F4BA /* AppView.swift */; };
		9A8AB3502C97101C007965E0 /* BookSummaryApp.swift in Sources */ = {isa = PBXBuildFile; fileRef = 9A8AB34F2C97101C007965E0 /* BookSummaryApp.swift */; };
		9A8AB3542C97101D007965E0 /* Assets.xcassets in Resources */ = {isa = PBXBuildFile; fileRef = 9A8AB3532C97101D007965E0 /* Assets.xcassets */; };
		9A8AB3572C97101D007965E0 /* Preview Assets.xcassets in Resources */ = {isa = PBXBuildFile; fileRef = 9A8AB3562C97101D007965E0 /* Preview Assets.xcassets */; };
		9A8AB3602C97106C007965E0 /* ComposableArchitecture in Frameworks */ = {isa = PBXBuildFile; productRef = 9A8AB35F2C97106C007965E0 /* ComposableArchitecture */; };
		9A8AB3642C9710A4007965E0 /* ProgressSlider.swift in Sources */ = {isa = PBXBuildFile; fileRef = 9A8AB3632C9710A4007965E0 /* ProgressSlider.swift */; };
/* End PBXBuildFile section */

/* Begin PBXFileReference section */
		9A2E86672C97299E007BBA78 /* AudioPlayer.swift */ = {isa = PBXFileReference; fileEncoding = 4; lastKnownFileType = sourcecode.swift; path = AudioPlayer.swift; sourceTree = "<group>"; };
		9A2E86682C97299E007BBA78 /* AudioPlayerClient.swift */ = {isa = PBXFileReference; fileEncoding = 4; lastKnownFileType = sourcecode.swift; path = AudioPlayerClient.swift; sourceTree = "<group>"; };
		9A2E86692C97299E007BBA78 /* AudioSession.swift */ = {isa = PBXFileReference; fileEncoding = 4; lastKnownFileType = sourcecode.swift; path = AudioSession.swift; sourceTree = "<group>"; };
		9A491A9A2C97128000E99BD8 /* BookPlayerFeature.swift */ = {isa = PBXFileReference; lastKnownFileType = sourcecode.swift; path = BookPlayerFeature.swift; sourceTree = "<group>"; };
		9A491AA42C9717A300E99BD8 /* BookModel.swift */ = {isa = PBXFileReference; lastKnownFileType = sourcecode.swift; path = BookModel.swift; sourceTree = "<group>"; };
		9A491AA62C971BAC00E99BD8 /* BookPlayerView.swift */ = {isa = PBXFileReference; lastKnownFileType = sourcecode.swift; path = BookPlayerView.swift; sourceTree = "<group>"; };
		9A491AA82C9722BB00E99BD8 /* audio1.mp3 */ = {isa = PBXFileReference; lastKnownFileType = audio.mp3; path = audio1.mp3; sourceTree = "<group>"; };
		9A491AA92C9722BB00E99BD8 /* audio0.mp3 */ = {isa = PBXFileReference; lastKnownFileType = audio.mp3; path = audio0.mp3; sourceTree = "<group>"; };
		9A491AAD2C9725D200E99BD8 /* Emptyable.swift */ = {isa = PBXFileReference; lastKnownFileType = sourcecode.swift; path = Emptyable.swift; sourceTree = "<group>"; };
		9A57545B2C972AD20029F4BA /* AppView.swift */ = {isa = PBXFileReference; fileEncoding = 4; lastKnownFileType = sourcecode.swift; path = AppView.swift; sourceTree = "<group>"; };
		9A8AB34C2C97101C007965E0 /* BookSummary.app */ = {isa = PBXFileReference; explicitFileType = wrapper.application; includeInIndex = 0; path = BookSummary.app; sourceTree = BUILT_PRODUCTS_DIR; };
		9A8AB34F2C97101C007965E0 /* BookSummaryApp.swift */ = {isa = PBXFileReference; lastKnownFileType = sourcecode.swift; path = BookSummaryApp.swift; sourceTree = "<group>"; };
		9A8AB3532C97101D007965E0 /* Assets.xcassets */ = {isa = PBXFileReference; lastKnownFileType = folder.assetcatalog; path = Assets.xcassets; sourceTree = "<group>"; };
		9A8AB3562C97101D007965E0 /* Preview Assets.xcassets */ = {isa = PBXFileReference; lastKnownFileType = folder.assetcatalog; path = "Preview Assets.xcassets"; sourceTree = "<group>"; };
		9A8AB3632C9710A4007965E0 /* ProgressSlider.swift */ = {isa = PBXFileReference; lastKnownFileType = sourcecode.swift; path = ProgressSlider.swift; sourceTree = "<group>"; };
/* End PBXFileReference section */

/* Begin PBXFrameworksBuildPhase section */
		9A8AB3492C97101C007965E0 /* Frameworks */ = {
			isa = PBXFrameworksBuildPhase;
			buildActionMask = 2147483647;
			files = (
				9A8AB3602C97106C007965E0 /* ComposableArchitecture in Frameworks */,
			);
			runOnlyForDeploymentPostprocessing = 0;
		};
/* End PBXFrameworksBuildPhase section */

/* Begin PBXGroup section */
		9A0B45BF2C97297B00A48EB5 /* Screens */ = {
			isa = PBXGroup;
			children = (
				9A491A9C2C9713B300E99BD8 /* BookPlayerView */,
				9A57545C2C972AD20029F4BA /* AppView */,
			);
			path = Screens;
			sourceTree = "<group>";
		};
		9A2E866A2C97299E007BBA78 /* AudioPlayer */ = {
			isa = PBXGroup;
			children = (
				9A2E86672C97299E007BBA78 /* AudioPlayer.swift */,
				9A2E86682C97299E007BBA78 /* AudioPlayerClient.swift */,
				9A2E86692C97299E007BBA78 /* AudioSession.swift */,
			);
			path = AudioPlayer;
			sourceTree = "<group>";
		};
		9A491A9C2C9713B300E99BD8 /* BookPlayerView */ = {
			isa = PBXGroup;
			children = (
				9A491AA42C9717A300E99BD8 /* BookModel.swift */,
				9A491A9A2C97128000E99BD8 /* BookPlayerFeature.swift */,
				9A491AA62C971BAC00E99BD8 /* BookPlayerView.swift */,
			);
			path = BookPlayerView;
			sourceTree = "<group>";
		};
		9A491AAC2C9725C300E99BD8 /* Helpers */ = {
			isa = PBXGroup;
			children = (
				9A491AAD2C9725D200E99BD8 /* Emptyable.swift */,
			);
			path = Helpers;
			sourceTree = "<group>";
		};
		9A57545C2C972AD20029F4BA /* AppView */ = {
			isa = PBXGroup;
			children = (
				9A57545B2C972AD20029F4BA /* AppView.swift */,
			);
			path = AppView;
			sourceTree = "<group>";
		};
		9A8AB3432C97101C007965E0 = {
			isa = PBXGroup;
			children = (
				9A8AB34E2C97101C007965E0 /* BookSummary */,
				9A8AB34D2C97101C007965E0 /* Products */,
			);
			sourceTree = "<group>";
		};
		9A8AB34D2C97101C007965E0 /* Products */ = {
			isa = PBXGroup;
			children = (
				9A8AB34C2C97101C007965E0 /* BookSummary.app */,
			);
			name = Products;
			sourceTree = "<group>";
		};
		9A8AB34E2C97101C007965E0 /* BookSummary */ = {
			isa = PBXGroup;
			children = (
				9A8AB34F2C97101C007965E0 /* BookSummaryApp.swift */,
				9A491AAC2C9725C300E99BD8 /* Helpers */,
				9A8AB3612C971086007965E0 /* SharedViews */,
				9A2E866A2C97299E007BBA78 /* AudioPlayer */,
				9A0B45BF2C97297B00A48EB5 /* Screens */,
				9A8AB3532C97101D007965E0 /* Assets.xcassets */,
				9A491AA92C9722BB00E99BD8 /* audio0.mp3 */,
				9A491AA82C9722BB00E99BD8 /* audio1.mp3 */,
				9A8AB3552C97101D007965E0 /* Preview Content */,
			);
			path = BookSummary;
			sourceTree = "<group>";
		};
		9A8AB3552C97101D007965E0 /* Preview Content */ = {
			isa = PBXGroup;
			children = (
				9A8AB3562C97101D007965E0 /* Preview Assets.xcassets */,
			);
			path = "Preview Content";
			sourceTree = "<group>";
		};
		9A8AB3612C971086007965E0 /* SharedViews */ = {
			isa = PBXGroup;
			children = (
				9A8AB3622C97108F007965E0 /* ProgressSlider */,
			);
			path = SharedViews;
			sourceTree = "<group>";
		};
		9A8AB3622C97108F007965E0 /* ProgressSlider */ = {
			isa = PBXGroup;
			children = (
				9A8AB3632C9710A4007965E0 /* ProgressSlider.swift */,
			);
			path = ProgressSlider;
			sourceTree = "<group>";
		};
/* End PBXGroup section */

/* Begin PBXNativeTarget section */
		9A8AB34B2C97101C007965E0 /* BookSummary */ = {
			isa = PBXNativeTarget;
			buildConfigurationList = 9A8AB35A2C97101D007965E0 /* Build configuration list for PBXNativeTarget "BookSummary" */;
			buildPhases = (
				9A8AB3482C97101C007965E0 /* Sources */,
				9A8AB3492C97101C007965E0 /* Frameworks */,
				9A8AB34A2C97101C007965E0 /* Resources */,
			);
			buildRules = (
			);
			dependencies = (
			);
			name = BookSummary;
			packageProductDependencies = (
				9A8AB35F2C97106C007965E0 /* ComposableArchitecture */,
			);
			productName = BookSummary;
			productReference = 9A8AB34C2C97101C007965E0 /* BookSummary.app */;
			productType = "com.apple.product-type.application";
		};
/* End PBXNativeTarget section */

/* Begin PBXProject section */
		9A8AB3442C97101C007965E0 /* Project object */ = {
			isa = PBXProject;
			attributes = {
				BuildIndependentTargetsInParallel = 1;
				LastSwiftUpdateCheck = 1540;
				LastUpgradeCheck = 1540;
				TargetAttributes = {
					9A8AB34B2C97101C007965E0 = {
						CreatedOnToolsVersion = 15.4;
					};
				};
			};
			buildConfigurationList = 9A8AB3472C97101C007965E0 /* Build configuration list for PBXProject "BookSummary" */;
			compatibilityVersion = "Xcode 14.0";
			developmentRegion = en;
			hasScannedForEncodings = 0;
			knownRegions = (
				en,
				Base,
			);
			mainGroup = 9A8AB3432C97101C007965E0;
			packageReferences = (
				9A8AB35E2C97106C007965E0 /* XCRemoteSwiftPackageReference "swift-composable-architecture" */,
			);
			productRefGroup = 9A8AB34D2C97101C007965E0 /* Products */;
			projectDirPath = "";
			projectRoot = "";
			targets = (
				9A8AB34B2C97101C007965E0 /* BookSummary */,
			);
		};
/* End PBXProject section */

/* Begin PBXResourcesBuildPhase section */
		9A8AB34A2C97101C007965E0 /* Resources */ = {
			isa = PBXResourcesBuildPhase;
			buildActionMask = 2147483647;
			files = (
				9A8AB3572C97101D007965E0 /* Preview Assets.xcassets in Resources */,
				9A491AAA2C9722BB00E99BD8 /* audio1.mp3 in Resources */,
				9A8AB3542C97101D007965E0 /* Assets.xcassets in Resources */,
				9A491AAB2C9722BB00E99BD8 /* audio0.mp3 in Resources */,
			);
			runOnlyForDeploymentPostprocessing = 0;
		};
/* End PBXResourcesBuildPhase section */

/* Begin PBXSourcesBuildPhase section */
		9A8AB3482C97101C007965E0 /* Sources */ = {
			isa = PBXSourcesBuildPhase;
			buildActionMask = 2147483647;
			files = (
				9A491AA72C971BAC00E99BD8 /* BookPlayerView.swift in Sources */,
				9A2E866D2C97299F007BBA78 /* AudioSession.swift in Sources */,
				9A491A9B2C97128000E99BD8 /* BookPlayerFeature.swift in Sources */,
				9A2E866C2C97299F007BBA78 /* AudioPlayerClient.swift in Sources */,
				9A8AB3642C9710A4007965E0 /* ProgressSlider.swift in Sources */,
				9A2E866B2C97299F007BBA78 /* AudioPlayer.swift in Sources */,
				9A491AAE2C9725D200E99BD8 /* Emptyable.swift in Sources */,
				9A8AB3502C97101C007965E0 /* BookSummaryApp.swift in Sources */,
				9A57545D2C972AD20029F4BA /* AppView.swift in Sources */,
				9A491AA52C9717A300E99BD8 /* BookModel.swift in Sources */,
			);
			runOnlyForDeploymentPostprocessing = 0;
		};
/* End PBXSourcesBuildPhase section */

/* Begin XCBuildConfiguration section */
		9A8AB3582C97101D007965E0 /* Debug */ = {
			isa = XCBuildConfiguration;
			buildSettings = {
				ALWAYS_SEARCH_USER_PATHS = NO;
				ASSETCATALOG_COMPILER_GENERATE_SWIFT_ASSET_SYMBOL_EXTENSIONS = YES;
				CLANG_ANALYZER_NONNULL = YES;
				CLANG_ANALYZER_NUMBER_OBJECT_CONVERSION = YES_AGGRESSIVE;
				CLANG_CXX_LANGUAGE_STANDARD = "gnu++20";
				CLANG_ENABLE_MODULES = YES;
				CLANG_ENABLE_OBJC_ARC = YES;
				CLANG_ENABLE_OBJC_WEAK = YES;
				CLANG_WARN_BLOCK_CAPTURE_AUTORELEASING = YES;
				CLANG_WARN_BOOL_CONVERSION = YES;
				CLANG_WARN_COMMA = YES;
				CLANG_WARN_CONSTANT_CONVERSION = YES;
				CLANG_WARN_DEPRECATED_OBJC_IMPLEMENTATIONS = YES;
				CLANG_WARN_DIRECT_OBJC_ISA_USAGE = YES_ERROR;
				CLANG_WARN_DOCUMENTATION_COMMENTS = YES;
				CLANG_WARN_EMPTY_BODY = YES;
				CLANG_WARN_ENUM_CONVERSION = YES;
				CLANG_WARN_INFINITE_RECURSION = YES;
				CLANG_WARN_INT_CONVERSION = YES;
				CLANG_WARN_NON_LITERAL_NULL_CONVERSION = YES;
				CLANG_WARN_OBJC_IMPLICIT_RETAIN_SELF = YES;
				CLANG_WARN_OBJC_LITERAL_CONVERSION = YES;
				CLANG_WARN_OBJC_ROOT_CLASS = YES_ERROR;
				CLANG_WARN_QUOTED_INCLUDE_IN_FRAMEWORK_HEADER = YES;
				CLANG_WARN_RANGE_LOOP_ANALYSIS = YES;
				CLANG_WARN_STRICT_PROTOTYPES = YES;
				CLANG_WARN_SUSPICIOUS_MOVE = YES;
				CLANG_WARN_UNGUARDED_AVAILABILITY = YES_AGGRESSIVE;
				CLANG_WARN_UNREACHABLE_CODE = YES;
				CLANG_WARN__DUPLICATE_METHOD_MATCH = YES;
				COPY_PHASE_STRIP = NO;
				DEBUG_INFORMATION_FORMAT = dwarf;
				ENABLE_STRICT_OBJC_MSGSEND = YES;
				ENABLE_TESTABILITY = YES;
				ENABLE_USER_SCRIPT_SANDBOXING = YES;
				GCC_C_LANGUAGE_STANDARD = gnu17;
				GCC_DYNAMIC_NO_PIC = NO;
				GCC_NO_COMMON_BLOCKS = YES;
				GCC_OPTIMIZATION_LEVEL = 0;
				GCC_PREPROCESSOR_DEFINITIONS = (
					"DEBUG=1",
					"$(inherited)",
				);
				GCC_WARN_64_TO_32_BIT_CONVERSION = YES;
				GCC_WARN_ABOUT_RETURN_TYPE = YES_ERROR;
				GCC_WARN_UNDECLARED_SELECTOR = YES;
				GCC_WARN_UNINITIALIZED_AUTOS = YES_AGGRESSIVE;
				GCC_WARN_UNUSED_FUNCTION = YES;
				GCC_WARN_UNUSED_VARIABLE = YES;
				IPHONEOS_DEPLOYMENT_TARGET = 17.5;
				LOCALIZATION_PREFERS_STRING_CATALOGS = YES;
				MTL_ENABLE_DEBUG_INFO = INCLUDE_SOURCE;
				MTL_FAST_MATH = YES;
				ONLY_ACTIVE_ARCH = YES;
				SDKROOT = iphoneos;
				SWIFT_ACTIVE_COMPILATION_CONDITIONS = "DEBUG $(inherited)";
				SWIFT_OPTIMIZATION_LEVEL = "-Onone";
			};
			name = Debug;
		};
		9A8AB3592C97101D007965E0 /* Release */ = {
			isa = XCBuildConfiguration;
			buildSettings = {
				ALWAYS_SEARCH_USER_PATHS = NO;
				ASSETCATALOG_COMPILER_GENERATE_SWIFT_ASSET_SYMBOL_EXTENSIONS = YES;
				CLANG_ANALYZER_NONNULL = YES;
				CLANG_ANALYZER_NUMBER_OBJECT_CONVERSION = YES_AGGRESSIVE;
				CLANG_CXX_LANGUAGE_STANDARD = "gnu++20";
				CLANG_ENABLE_MODULES = YES;
				CLANG_ENABLE_OBJC_ARC = YES;
				CLANG_ENABLE_OBJC_WEAK = YES;
				CLANG_WARN_BLOCK_CAPTURE_AUTORELEASING = YES;
				CLANG_WARN_BOOL_CONVERSION = YES;
				CLANG_WARN_COMMA = YES;
				CLANG_WARN_CONSTANT_CONVERSION = YES;
				CLANG_WARN_DEPRECATED_OBJC_IMPLEMENTATIONS = YES;
				CLANG_WARN_DIRECT_OBJC_ISA_USAGE = YES_ERROR;
				CLANG_WARN_DOCUMENTATION_COMMENTS = YES;
				CLANG_WARN_EMPTY_BODY = YES;
				CLANG_WARN_ENUM_CONVERSION = YES;
				CLANG_WARN_INFINITE_RECURSION = YES;
				CLANG_WARN_INT_CONVERSION = YES;
				CLANG_WARN_NON_LITERAL_NULL_CONVERSION = YES;
				CLANG_WARN_OBJC_IMPLICIT_RETAIN_SELF = YES;
				CLANG_WARN_OBJC_LITERAL_CONVERSION = YES;
				CLANG_WARN_OBJC_ROOT_CLASS = YES_ERROR;
				CLANG_WARN_QUOTED_INCLUDE_IN_FRAMEWORK_HEADER = YES;
				CLANG_WARN_RANGE_LOOP_ANALYSIS = YES;
				CLANG_WARN_STRICT_PROTOTYPES = YES;
				CLANG_WARN_SUSPICIOUS_MOVE = YES;
				CLANG_WARN_UNGUARDED_AVAILABILITY = YES_AGGRESSIVE;
				CLANG_WARN_UNREACHABLE_CODE = YES;
				CLANG_WARN__DUPLICATE_METHOD_MATCH = YES;
				COPY_PHASE_STRIP = NO;
				DEBUG_INFORMATION_FORMAT = "dwarf-with-dsym";
				ENABLE_NS_ASSERTIONS = NO;
				ENABLE_STRICT_OBJC_MSGSEND = YES;
				ENABLE_USER_SCRIPT_SANDBOXING = YES;
				GCC_C_LANGUAGE_STANDARD = gnu17;
				GCC_NO_COMMON_BLOCKS = YES;
				GCC_WARN_64_TO_32_BIT_CONVERSION = YES;
				GCC_WARN_ABOUT_RETURN_TYPE = YES_ERROR;
				GCC_WARN_UNDECLARED_SELECTOR = YES;
				GCC_WARN_UNINITIALIZED_AUTOS = YES_AGGRESSIVE;
				GCC_WARN_UNUSED_FUNCTION = YES;
				GCC_WARN_UNUSED_VARIABLE = YES;
				IPHONEOS_DEPLOYMENT_TARGET = 17.5;
				LOCALIZATION_PREFERS_STRING_CATALOGS = YES;
				MTL_ENABLE_DEBUG_INFO = NO;
				MTL_FAST_MATH = YES;
				SDKROOT = iphoneos;
				SWIFT_COMPILATION_MODE = wholemodule;
				VALIDATE_PRODUCT = YES;
			};
			name = Release;
		};
		9A8AB35B2C97101D007965E0 /* Debug */ = {
			isa = XCBuildConfiguration;
			buildSettings = {
				ASSETCATALOG_COMPILER_APPICON_NAME = AppIcon;
				ASSETCATALOG_COMPILER_GLOBAL_ACCENT_COLOR_NAME = AccentColor;
				CODE_SIGN_STYLE = Automatic;
				CURRENT_PROJECT_VERSION = 1;
				DEVELOPMENT_ASSET_PATHS = "\"BookSummary/Preview Content\"";
				ENABLE_PREVIEWS = YES;
				GENERATE_INFOPLIST_FILE = YES;
				INFOPLIST_KEY_UIApplicationSceneManifest_Generation = YES;
				INFOPLIST_KEY_UIApplicationSupportsIndirectInputEvents = YES;
				INFOPLIST_KEY_UILaunchScreen_Generation = YES;
				INFOPLIST_KEY_UISupportedInterfaceOrientations_iPad = "UIInterfaceOrientationPortrait UIInterfaceOrientationPortraitUpsideDown UIInterfaceOrientationLandscapeLeft UIInterfaceOrientationLandscapeRight";
				INFOPLIST_KEY_UISupportedInterfaceOrientations_iPhone = "UIInterfaceOrientationPortrait UIInterfaceOrientationLandscapeLeft UIInterfaceOrientationLandscapeRight";
				LD_RUNPATH_SEARCH_PATHS = (
					"$(inherited)",
					"@executable_path/Frameworks",
				);
				MARKETING_VERSION = 1.0;
				PRODUCT_BUNDLE_IDENTIFIER = BookSummary.BookSummary;
				PRODUCT_NAME = "$(TARGET_NAME)";
				SWIFT_EMIT_LOC_STRINGS = YES;
				SWIFT_VERSION = 5.0;
				TARGETED_DEVICE_FAMILY = "1,2";
			};
			name = Debug;
		};
		9A8AB35C2C97101D007965E0 /* Release */ = {
			isa = XCBuildConfiguration;
			buildSettings = {
				ASSETCATALOG_COMPILER_APPICON_NAME = AppIcon;
				ASSETCATALOG_COMPILER_GLOBAL_ACCENT_COLOR_NAME = AccentColor;
				CODE_SIGN_STYLE = Automatic;
				CURRENT_PROJECT_VERSION = 1;
				DEVELOPMENT_ASSET_PATHS = "\"BookSummary/Preview Content\"";
				ENABLE_PREVIEWS = YES;
				GENERATE_INFOPLIST_FILE = YES;
				INFOPLIST_KEY_UIApplicationSceneManifest_Generation = YES;
				INFOPLIST_KEY_UIApplicationSupportsIndirectInputEvents = YES;
				INFOPLIST_KEY_UILaunchScreen_Generation = YES;
				INFOPLIST_KEY_UISupportedInterfaceOrientations_iPad = "UIInterfaceOrientationPortrait UIInterfaceOrientationPortraitUpsideDown UIInterfaceOrientationLandscapeLeft UIInterfaceOrientationLandscapeRight";
				INFOPLIST_KEY_UISupportedInterfaceOrientations_iPhone = "UIInterfaceOrientationPortrait UIInterfaceOrientationLandscapeLeft UIInterfaceOrientationLandscapeRight";
				LD_RUNPATH_SEARCH_PATHS = (
					"$(inherited)",
					"@executable_path/Frameworks",
				);
				MARKETING_VERSION = 1.0;
				PRODUCT_BUNDLE_IDENTIFIER = BookSummary.BookSummary;
				PRODUCT_NAME = "$(TARGET_NAME)";
				SWIFT_EMIT_LOC_STRINGS = YES;
				SWIFT_VERSION = 5.0;
				TARGETED_DEVICE_FAMILY = "1,2";
			};
			name = Release;
		};
/* End XCBuildConfiguration section */

/* Begin XCConfigurationList section */
		9A8AB3472C97101C007965E0 /* Build configuration list for PBXProject "BookSummary" */ = {
			isa = XCConfigurationList;
			buildConfigurations = (
				9A8AB3582C97101D007965E0 /* Debug */,
				9A8AB3592C97101D007965E0 /* Release */,
			);
			defaultConfigurationIsVisible = 0;
			defaultConfigurationName = Release;
		};
		9A8AB35A2C97101D007965E0 /* Build configuration list for PBXNativeTarget "BookSummary" */ = {
			isa = XCConfigurationList;
			buildConfigurations = (
				9A8AB35B2C97101D007965E0 /* Debug */,
				9A8AB35C2C97101D007965E0 /* Release */,
			);
			defaultConfigurationIsVisible = 0;
			defaultConfigurationName = Release;
		};
/* End XCConfigurationList section */

/* Begin XCRemoteSwiftPackageReference section */
		9A8AB35E2C97106C007965E0 /* XCRemoteSwiftPackageReference "swift-composable-architecture" */ = {
			isa = XCRemoteSwiftPackageReference;
			repositoryURL = "https://github.com/pointfreeco/swift-composable-architecture";
			requirement = {
				kind = upToNextMajorVersion;
				minimumVersion = 1.15.0;
			};
		};
/* End XCRemoteSwiftPackageReference section */

/* Begin XCSwiftPackageProductDependency section */
		9A8AB35F2C97106C007965E0 /* ComposableArchitecture */ = {
			isa = XCSwiftPackageProductDependency;
			package = 9A8AB35E2C97106C007965E0 /* XCRemoteSwiftPackageReference "swift-composable-architecture" */;
			productName = ComposableArchitecture;
		};
/* End XCSwiftPackageProductDependency section */
	};
	rootObject = 9A8AB3442C97101C007965E0 /* Project object */;
}
